// !$*UTF8*$!
{
	archiveVersion = 1;
	classes = {
	};
	objectVersion = 51;
	objects = {

/* Begin PBXBuildFile section */
		1B12BE75257E0D53F63995AE /* Pods_Plex.framework in Frameworks */ = {isa = PBXBuildFile; fileRef = 84C75E3DD6845161C9DCDB6B /* Pods_Plex.framework */; };
		5701528925D61F1C0089BB36 /* AppDelegate.swift in Sources */ = {isa = PBXBuildFile; fileRef = 5701528825D61F1C0089BB36 /* AppDelegate.swift */; };
		5701528B25D61F1C0089BB36 /* SceneDelegate.swift in Sources */ = {isa = PBXBuildFile; fileRef = 5701528A25D61F1C0089BB36 /* SceneDelegate.swift */; };
		5701528D25D61F1C0089BB36 /* ConversationViewController.swift in Sources */ = {isa = PBXBuildFile; fileRef = 5701528C25D61F1C0089BB36 /* ConversationViewController.swift */; };
		5701529025D61F1C0089BB36 /* Main.storyboard in Resources */ = {isa = PBXBuildFile; fileRef = 5701528E25D61F1C0089BB36 /* Main.storyboard */; };
		5701529225D61F1F0089BB36 /* Assets.xcassets in Resources */ = {isa = PBXBuildFile; fileRef = 5701529125D61F1F0089BB36 /* Assets.xcassets */; };
		5701529525D61F1F0089BB36 /* LaunchScreen.storyboard in Resources */ = {isa = PBXBuildFile; fileRef = 5701529325D61F1F0089BB36 /* LaunchScreen.storyboard */; };
		570152A025D61F1F0089BB36 /* PlexTests.swift in Sources */ = {isa = PBXBuildFile; fileRef = 5701529F25D61F1F0089BB36 /* PlexTests.swift */; };
		570152AB25D61F1F0089BB36 /* PlexUITests.swift in Sources */ = {isa = PBXBuildFile; fileRef = 570152AA25D61F1F0089BB36 /* PlexUITests.swift */; };
		570152C525D623840089BB36 /* LoginViewController.swift in Sources */ = {isa = PBXBuildFile; fileRef = 570152C425D623840089BB36 /* LoginViewController.swift */; };
		570152CD25D623940089BB36 /* RegisterViewController.swift in Sources */ = {isa = PBXBuildFile; fileRef = 570152CC25D623940089BB36 /* RegisterViewController.swift */; };
		570152D225D623B50089BB36 /* PhotoViewerViewController.swift in Sources */ = {isa = PBXBuildFile; fileRef = 570152D125D623B50089BB36 /* PhotoViewerViewController.swift */; };
		570152D725D623C40089BB36 /* VideoPlayerViewController.swift in Sources */ = {isa = PBXBuildFile; fileRef = 570152D625D623C40089BB36 /* VideoPlayerViewController.swift */; };
		570152DC25D623DD0089BB36 /* NewConversationViewController.swift in Sources */ = {isa = PBXBuildFile; fileRef = 570152DB25D623DD0089BB36 /* NewConversationViewController.swift */; };
		570152E125D623F30089BB36 /* ProfileViewController.swift in Sources */ = {isa = PBXBuildFile; fileRef = 570152E025D623F30089BB36 /* ProfileViewController.swift */; };
		570152ED25D6401B0089BB36 /* Extensions.swift in Sources */ = {isa = PBXBuildFile; fileRef = 570152EC25D6401B0089BB36 /* Extensions.swift */; };
		5701531225D76BEE0089BB36 /* GoogleService-Info.plist in Resources */ = {isa = PBXBuildFile; fileRef = 5701531125D76BEE0089BB36 /* GoogleService-Info.plist */; };
		573935D325D7910400F126EA /* DatabaseManager.swift in Sources */ = {isa = PBXBuildFile; fileRef = 573935D225D7910300F126EA /* DatabaseManager.swift */; };
		92138606B7DC9823BE5E57AC /* Pods_Plex_PlexUITests.framework in Frameworks */ = {isa = PBXBuildFile; fileRef = 9BDE86AC985AA071DB0FA32A /* Pods_Plex_PlexUITests.framework */; };
		F2B7EC302C91036B8503287F /* Pods_PlexTests.framework in Frameworks */ = {isa = PBXBuildFile; fileRef = 159556E4CA744F09FA51C7E2 /* Pods_PlexTests.framework */; };
/* End PBXBuildFile section */

/* Begin PBXContainerItemProxy section */
		5701529C25D61F1F0089BB36 /* PBXContainerItemProxy */ = {
			isa = PBXContainerItemProxy;
			containerPortal = 5701527D25D61F1C0089BB36 /* Project object */;
			proxyType = 1;
			remoteGlobalIDString = 5701528425D61F1C0089BB36;
			remoteInfo = Plex;
		};
		570152A725D61F1F0089BB36 /* PBXContainerItemProxy */ = {
			isa = PBXContainerItemProxy;
			containerPortal = 5701527D25D61F1C0089BB36 /* Project object */;
			proxyType = 1;
			remoteGlobalIDString = 5701528425D61F1C0089BB36;
			remoteInfo = Plex;
		};
/* End PBXContainerItemProxy section */

/* Begin PBXFileReference section */
		074B3309068EAC0E0E980B56 /* Pods-Plex-PlexUITests.debug.xcconfig */ = {isa = PBXFileReference; includeInIndex = 1; lastKnownFileType = text.xcconfig; name = "Pods-Plex-PlexUITests.debug.xcconfig"; path = "Target Support Files/Pods-Plex-PlexUITests/Pods-Plex-PlexUITests.debug.xcconfig"; sourceTree = "<group>"; };
		159556E4CA744F09FA51C7E2 /* Pods_PlexTests.framework */ = {isa = PBXFileReference; explicitFileType = wrapper.framework; includeInIndex = 0; path = Pods_PlexTests.framework; sourceTree = BUILT_PRODUCTS_DIR; };
		1F6FE36093CAD47CF3B8BE5B /* Pods-PlexTests.release.xcconfig */ = {isa = PBXFileReference; includeInIndex = 1; lastKnownFileType = text.xcconfig; name = "Pods-PlexTests.release.xcconfig"; path = "Target Support Files/Pods-PlexTests/Pods-PlexTests.release.xcconfig"; sourceTree = "<group>"; };
		5701528525D61F1C0089BB36 /* Plex.app */ = {isa = PBXFileReference; explicitFileType = wrapper.application; includeInIndex = 0; path = Plex.app; sourceTree = BUILT_PRODUCTS_DIR; };
		5701528825D61F1C0089BB36 /* AppDelegate.swift */ = {isa = PBXFileReference; lastKnownFileType = sourcecode.swift; path = AppDelegate.swift; sourceTree = "<group>"; };
		5701528A25D61F1C0089BB36 /* SceneDelegate.swift */ = {isa = PBXFileReference; lastKnownFileType = sourcecode.swift; path = SceneDelegate.swift; sourceTree = "<group>"; };
		5701528C25D61F1C0089BB36 /* ConversationViewController.swift */ = {isa = PBXFileReference; lastKnownFileType = sourcecode.swift; path = ConversationViewController.swift; sourceTree = "<group>"; };
		5701528F25D61F1C0089BB36 /* Base */ = {isa = PBXFileReference; lastKnownFileType = file.storyboard; name = Base; path = Base.lproj/Main.storyboard; sourceTree = "<group>"; };
		5701529125D61F1F0089BB36 /* Assets.xcassets */ = {isa = PBXFileReference; lastKnownFileType = folder.assetcatalog; path = Assets.xcassets; sourceTree = "<group>"; };
		5701529425D61F1F0089BB36 /* Base */ = {isa = PBXFileReference; lastKnownFileType = file.storyboard; name = Base; path = Base.lproj/LaunchScreen.storyboard; sourceTree = "<group>"; };
		5701529625D61F1F0089BB36 /* Info.plist */ = {isa = PBXFileReference; lastKnownFileType = text.plist.xml; path = Info.plist; sourceTree = "<group>"; };
		5701529B25D61F1F0089BB36 /* PlexTests.xctest */ = {isa = PBXFileReference; explicitFileType = wrapper.cfbundle; includeInIndex = 0; path = PlexTests.xctest; sourceTree = BUILT_PRODUCTS_DIR; };
		5701529F25D61F1F0089BB36 /* PlexTests.swift */ = {isa = PBXFileReference; lastKnownFileType = sourcecode.swift; path = PlexTests.swift; sourceTree = "<group>"; };
		570152A125D61F1F0089BB36 /* Info.plist */ = {isa = PBXFileReference; lastKnownFileType = text.plist.xml; path = Info.plist; sourceTree = "<group>"; };
		570152A625D61F1F0089BB36 /* PlexUITests.xctest */ = {isa = PBXFileReference; explicitFileType = wrapper.cfbundle; includeInIndex = 0; path = PlexUITests.xctest; sourceTree = BUILT_PRODUCTS_DIR; };
		570152AA25D61F1F0089BB36 /* PlexUITests.swift */ = {isa = PBXFileReference; lastKnownFileType = sourcecode.swift; path = PlexUITests.swift; sourceTree = "<group>"; };
		570152AC25D61F1F0089BB36 /* Info.plist */ = {isa = PBXFileReference; lastKnownFileType = text.plist.xml; path = Info.plist; sourceTree = "<group>"; };
		570152C425D623840089BB36 /* LoginViewController.swift */ = {isa = PBXFileReference; lastKnownFileType = sourcecode.swift; path = LoginViewController.swift; sourceTree = "<group>"; };
		570152CC25D623940089BB36 /* RegisterViewController.swift */ = {isa = PBXFileReference; lastKnownFileType = sourcecode.swift; path = RegisterViewController.swift; sourceTree = "<group>"; };
		570152D125D623B50089BB36 /* PhotoViewerViewController.swift */ = {isa = PBXFileReference; lastKnownFileType = sourcecode.swift; path = PhotoViewerViewController.swift; sourceTree = "<group>"; };
		570152D625D623C40089BB36 /* VideoPlayerViewController.swift */ = {isa = PBXFileReference; lastKnownFileType = sourcecode.swift; path = VideoPlayerViewController.swift; sourceTree = "<group>"; };
		570152DB25D623DD0089BB36 /* NewConversationViewController.swift */ = {isa = PBXFileReference; lastKnownFileType = sourcecode.swift; path = NewConversationViewController.swift; sourceTree = "<group>"; };
		570152E025D623F30089BB36 /* ProfileViewController.swift */ = {isa = PBXFileReference; lastKnownFileType = sourcecode.swift; path = ProfileViewController.swift; sourceTree = "<group>"; };
		570152EC25D6401B0089BB36 /* Extensions.swift */ = {isa = PBXFileReference; lastKnownFileType = sourcecode.swift; path = Extensions.swift; sourceTree = "<group>"; };
		5701531125D76BEE0089BB36 /* GoogleService-Info.plist */ = {isa = PBXFileReference; fileEncoding = 4; lastKnownFileType = text.plist.xml; path = "GoogleService-Info.plist"; sourceTree = "<group>"; };
		573935D225D7910300F126EA /* DatabaseManager.swift */ = {isa = PBXFileReference; lastKnownFileType = sourcecode.swift; path = DatabaseManager.swift; sourceTree = "<group>"; };
		5A9635A01853A6DF3F08082B /* Pods-Plex-PlexUITests.release.xcconfig */ = {isa = PBXFileReference; includeInIndex = 1; lastKnownFileType = text.xcconfig; name = "Pods-Plex-PlexUITests.release.xcconfig"; path = "Target Support Files/Pods-Plex-PlexUITests/Pods-Plex-PlexUITests.release.xcconfig"; sourceTree = "<group>"; };
		84C75E3DD6845161C9DCDB6B /* Pods_Plex.framework */ = {isa = PBXFileReference; explicitFileType = wrapper.framework; includeInIndex = 0; path = Pods_Plex.framework; sourceTree = BUILT_PRODUCTS_DIR; };
		9B9EDAE9F2529AC1570049D3 /* Pods-Plex.debug.xcconfig */ = {isa = PBXFileReference; includeInIndex = 1; lastKnownFileType = text.xcconfig; name = "Pods-Plex.debug.xcconfig"; path = "Target Support Files/Pods-Plex/Pods-Plex.debug.xcconfig"; sourceTree = "<group>"; };
		9BDE86AC985AA071DB0FA32A /* Pods_Plex_PlexUITests.framework */ = {isa = PBXFileReference; explicitFileType = wrapper.framework; includeInIndex = 0; path = Pods_Plex_PlexUITests.framework; sourceTree = BUILT_PRODUCTS_DIR; };
		C68B628649430F1242BB067E /* Pods-Plex.release.xcconfig */ = {isa = PBXFileReference; includeInIndex = 1; lastKnownFileType = text.xcconfig; name = "Pods-Plex.release.xcconfig"; path = "Target Support Files/Pods-Plex/Pods-Plex.release.xcconfig"; sourceTree = "<group>"; };
		E25B528F709D6E75A52A63EC /* Pods-PlexTests.debug.xcconfig */ = {isa = PBXFileReference; includeInIndex = 1; lastKnownFileType = text.xcconfig; name = "Pods-PlexTests.debug.xcconfig"; path = "Target Support Files/Pods-PlexTests/Pods-PlexTests.debug.xcconfig"; sourceTree = "<group>"; };
/* End PBXFileReference section */

/* Begin PBXFrameworksBuildPhase section */
		5701528225D61F1C0089BB36 /* Frameworks */ = {
			isa = PBXFrameworksBuildPhase;
			buildActionMask = 2147483647;
			files = (
				1B12BE75257E0D53F63995AE /* Pods_Plex.framework in Frameworks */,
			);
			runOnlyForDeploymentPostprocessing = 0;
		};
		5701529825D61F1F0089BB36 /* Frameworks */ = {
			isa = PBXFrameworksBuildPhase;
			buildActionMask = 2147483647;
			files = (
				F2B7EC302C91036B8503287F /* Pods_PlexTests.framework in Frameworks */,
			);
			runOnlyForDeploymentPostprocessing = 0;
		};
		570152A325D61F1F0089BB36 /* Frameworks */ = {
			isa = PBXFrameworksBuildPhase;
			buildActionMask = 2147483647;
			files = (
				92138606B7DC9823BE5E57AC /* Pods_Plex_PlexUITests.framework in Frameworks */,
			);
			runOnlyForDeploymentPostprocessing = 0;
		};
/* End PBXFrameworksBuildPhase section */

/* Begin PBXGroup section */
		5701527C25D61F1C0089BB36 = {
			isa = PBXGroup;
			children = (
				5701528725D61F1C0089BB36 /* Plex */,
				5701529E25D61F1F0089BB36 /* PlexTests */,
				570152A925D61F1F0089BB36 /* PlexUITests */,
				5701528625D61F1C0089BB36 /* Products */,
				E5BEF598DC8654CB2FE6476F /* Pods */,
				9E3D28B792D695E8C4B27593 /* Frameworks */,
			);
			sourceTree = "<group>";
		};
		5701528625D61F1C0089BB36 /* Products */ = {
			isa = PBXGroup;
			children = (
				5701528525D61F1C0089BB36 /* Plex.app */,
				5701529B25D61F1F0089BB36 /* PlexTests.xctest */,
				570152A625D61F1F0089BB36 /* PlexUITests.xctest */,
			);
			name = Products;
			sourceTree = "<group>";
		};
		5701528725D61F1C0089BB36 /* Plex */ = {
			isa = PBXGroup;
			children = (
				5701531125D76BEE0089BB36 /* GoogleService-Info.plist */,
				570152BF25D6220C0089BB36 /* Resources */,
				570152BE25D622030089BB36 /* View Models */,
				570152BD25D621F80089BB36 /* Models */,
				570152BC25D621F10089BB36 /* Views */,
				570152BB25D621E50089BB36 /* Controllers */,
				5701529625D61F1F0089BB36 /* Info.plist */,
			);
			path = Plex;
			sourceTree = "<group>";
		};
		5701529E25D61F1F0089BB36 /* PlexTests */ = {
			isa = PBXGroup;
			children = (
				5701529F25D61F1F0089BB36 /* PlexTests.swift */,
				570152A125D61F1F0089BB36 /* Info.plist */,
			);
			path = PlexTests;
			sourceTree = "<group>";
		};
		570152A925D61F1F0089BB36 /* PlexUITests */ = {
			isa = PBXGroup;
			children = (
				570152AA25D61F1F0089BB36 /* PlexUITests.swift */,
				570152AC25D61F1F0089BB36 /* Info.plist */,
			);
			path = PlexUITests;
			sourceTree = "<group>";
		};
		570152BB25D621E50089BB36 /* Controllers */ = {
			isa = PBXGroup;
			children = (
				5701528C25D61F1C0089BB36 /* ConversationViewController.swift */,
				570152E525D625840089BB36 /* Login */,
				570152D125D623B50089BB36 /* PhotoViewerViewController.swift */,
				570152D625D623C40089BB36 /* VideoPlayerViewController.swift */,
				570152DB25D623DD0089BB36 /* NewConversationViewController.swift */,
				570152E025D623F30089BB36 /* ProfileViewController.swift */,
			);
			path = Controllers;
			sourceTree = "<group>";
		};
		570152BC25D621F10089BB36 /* Views */ = {
			isa = PBXGroup;
			children = (
				570152C025D622490089BB36 /* Storyboards */,
				5701529125D61F1F0089BB36 /* Assets.xcassets */,
			);
			path = Views;
			sourceTree = "<group>";
		};
		570152BD25D621F80089BB36 /* Models */ = {
			isa = PBXGroup;
			children = (
			);
			path = Models;
			sourceTree = "<group>";
		};
		570152BE25D622030089BB36 /* View Models */ = {
			isa = PBXGroup;
			children = (
			);
			path = "View Models";
			sourceTree = "<group>";
		};
		570152BF25D6220C0089BB36 /* Resources */ = {
			isa = PBXGroup;
			children = (
				5701528825D61F1C0089BB36 /* AppDelegate.swift */,
				5701528A25D61F1C0089BB36 /* SceneDelegate.swift */,
				570152EC25D6401B0089BB36 /* Extensions.swift */,
				573935D225D7910300F126EA /* DatabaseManager.swift */,
			);
			path = Resources;
			sourceTree = "<group>";
		};
		570152C025D622490089BB36 /* Storyboards */ = {
			isa = PBXGroup;
			children = (
				5701529325D61F1F0089BB36 /* LaunchScreen.storyboard */,
				5701528E25D61F1C0089BB36 /* Main.storyboard */,
			);
			path = Storyboards;
			sourceTree = "<group>";
		};
		570152E525D625840089BB36 /* Login */ = {
			isa = PBXGroup;
			children = (
				570152C425D623840089BB36 /* LoginViewController.swift */,
				570152CC25D623940089BB36 /* RegisterViewController.swift */,
			);
			path = Login;
			sourceTree = "<group>";
		};
		9E3D28B792D695E8C4B27593 /* Frameworks */ = {
			isa = PBXGroup;
			children = (
				84C75E3DD6845161C9DCDB6B /* Pods_Plex.framework */,
				9BDE86AC985AA071DB0FA32A /* Pods_Plex_PlexUITests.framework */,
				159556E4CA744F09FA51C7E2 /* Pods_PlexTests.framework */,
			);
			name = Frameworks;
			sourceTree = "<group>";
		};
		E5BEF598DC8654CB2FE6476F /* Pods */ = {
			isa = PBXGroup;
			children = (
				9B9EDAE9F2529AC1570049D3 /* Pods-Plex.debug.xcconfig */,
				C68B628649430F1242BB067E /* Pods-Plex.release.xcconfig */,
				074B3309068EAC0E0E980B56 /* Pods-Plex-PlexUITests.debug.xcconfig */,
				5A9635A01853A6DF3F08082B /* Pods-Plex-PlexUITests.release.xcconfig */,
				E25B528F709D6E75A52A63EC /* Pods-PlexTests.debug.xcconfig */,
				1F6FE36093CAD47CF3B8BE5B /* Pods-PlexTests.release.xcconfig */,
			);
			path = Pods;
			sourceTree = "<group>";
		};
/* End PBXGroup section */

/* Begin PBXNativeTarget section */
		5701528425D61F1C0089BB36 /* Plex */ = {
			isa = PBXNativeTarget;
			buildConfigurationList = 570152AF25D61F1F0089BB36 /* Build configuration list for PBXNativeTarget "Plex" */;
			buildPhases = (
				71CA59DEF60614EC7A7C4283 /* [CP] Check Pods Manifest.lock */,
				5701528125D61F1C0089BB36 /* Sources */,
				5701528225D61F1C0089BB36 /* Frameworks */,
				5701528325D61F1C0089BB36 /* Resources */,
				524563C3B3205354C2CBA81E /* [CP] Embed Pods Frameworks */,
			);
			buildRules = (
			);
			dependencies = (
			);
			name = Plex;
			productName = Plex;
			productReference = 5701528525D61F1C0089BB36 /* Plex.app */;
			productType = "com.apple.product-type.application";
		};
		5701529A25D61F1F0089BB36 /* PlexTests */ = {
			isa = PBXNativeTarget;
			buildConfigurationList = 570152B225D61F1F0089BB36 /* Build configuration list for PBXNativeTarget "PlexTests" */;
			buildPhases = (
				DC543C15ABFC727C6E56F834 /* [CP] Check Pods Manifest.lock */,
				5701529725D61F1F0089BB36 /* Sources */,
				5701529825D61F1F0089BB36 /* Frameworks */,
				5701529925D61F1F0089BB36 /* Resources */,
			);
			buildRules = (
			);
			dependencies = (
				5701529D25D61F1F0089BB36 /* PBXTargetDependency */,
			);
			name = PlexTests;
			productName = PlexTests;
			productReference = 5701529B25D61F1F0089BB36 /* PlexTests.xctest */;
			productType = "com.apple.product-type.bundle.unit-test";
		};
		570152A525D61F1F0089BB36 /* PlexUITests */ = {
			isa = PBXNativeTarget;
			buildConfigurationList = 570152B525D61F1F0089BB36 /* Build configuration list for PBXNativeTarget "PlexUITests" */;
			buildPhases = (
				19F6BE35931EFCEB5462F9E0 /* [CP] Check Pods Manifest.lock */,
				570152A225D61F1F0089BB36 /* Sources */,
				570152A325D61F1F0089BB36 /* Frameworks */,
				570152A425D61F1F0089BB36 /* Resources */,
				6F7B9852BA6D0C4AAAB9A56F /* [CP] Embed Pods Frameworks */,
			);
			buildRules = (
			);
			dependencies = (
				570152A825D61F1F0089BB36 /* PBXTargetDependency */,
			);
			name = PlexUITests;
			productName = PlexUITests;
			productReference = 570152A625D61F1F0089BB36 /* PlexUITests.xctest */;
			productType = "com.apple.product-type.bundle.ui-testing";
		};
/* End PBXNativeTarget section */

/* Begin PBXProject section */
		5701527D25D61F1C0089BB36 /* Project object */ = {
			isa = PBXProject;
			attributes = {
				LastSwiftUpdateCheck = 1220;
				LastUpgradeCheck = 1220;
				TargetAttributes = {
					5701528425D61F1C0089BB36 = {
						CreatedOnToolsVersion = 12.2;
					};
					5701529A25D61F1F0089BB36 = {
						CreatedOnToolsVersion = 12.2;
						TestTargetID = 5701528425D61F1C0089BB36;
					};
					570152A525D61F1F0089BB36 = {
						CreatedOnToolsVersion = 12.2;
						TestTargetID = 5701528425D61F1C0089BB36;
					};
				};
			};
			buildConfigurationList = 5701528025D61F1C0089BB36 /* Build configuration list for PBXProject "Plex" */;
			compatibilityVersion = "Xcode 9.3";
			developmentRegion = en;
			hasScannedForEncodings = 0;
			knownRegions = (
				en,
				Base,
			);
			mainGroup = 5701527C25D61F1C0089BB36;
			productRefGroup = 5701528625D61F1C0089BB36 /* Products */;
			projectDirPath = "";
			projectRoot = "";
			targets = (
				5701528425D61F1C0089BB36 /* Plex */,
				5701529A25D61F1F0089BB36 /* PlexTests */,
				570152A525D61F1F0089BB36 /* PlexUITests */,
			);
		};
/* End PBXProject section */

/* Begin PBXResourcesBuildPhase section */
		5701528325D61F1C0089BB36 /* Resources */ = {
			isa = PBXResourcesBuildPhase;
			buildActionMask = 2147483647;
			files = (
				5701529525D61F1F0089BB36 /* LaunchScreen.storyboard in Resources */,
				5701531225D76BEE0089BB36 /* GoogleService-Info.plist in Resources */,
				5701529225D61F1F0089BB36 /* Assets.xcassets in Resources */,
				5701529025D61F1C0089BB36 /* Main.storyboard in Resources */,
			);
			runOnlyForDeploymentPostprocessing = 0;
		};
		5701529925D61F1F0089BB36 /* Resources */ = {
			isa = PBXResourcesBuildPhase;
			buildActionMask = 2147483647;
			files = (
			);
			runOnlyForDeploymentPostprocessing = 0;
		};
		570152A425D61F1F0089BB36 /* Resources */ = {
			isa = PBXResourcesBuildPhase;
			buildActionMask = 2147483647;
			files = (
			);
			runOnlyForDeploymentPostprocessing = 0;
		};
/* End PBXResourcesBuildPhase section */

/* Begin PBXShellScriptBuildPhase section */
		19F6BE35931EFCEB5462F9E0 /* [CP] Check Pods Manifest.lock */ = {
			isa = PBXShellScriptBuildPhase;
			buildActionMask = 2147483647;
			files = (
			);
			inputFileListPaths = (
			);
			inputPaths = (
				"${PODS_PODFILE_DIR_PATH}/Podfile.lock",
				"${PODS_ROOT}/Manifest.lock",
			);
			name = "[CP] Check Pods Manifest.lock";
			outputFileListPaths = (
			);
			outputPaths = (
				"$(DERIVED_FILE_DIR)/Pods-Plex-PlexUITests-checkManifestLockResult.txt",
			);
			runOnlyForDeploymentPostprocessing = 0;
			shellPath = /bin/sh;
			shellScript = "diff \"${PODS_PODFILE_DIR_PATH}/Podfile.lock\" \"${PODS_ROOT}/Manifest.lock\" > /dev/null\nif [ $? != 0 ] ; then\n    # print error to STDERR\n    echo \"error: The sandbox is not in sync with the Podfile.lock. Run 'pod install' or update your CocoaPods installation.\" >&2\n    exit 1\nfi\n# This output is used by Xcode 'outputs' to avoid re-running this script phase.\necho \"SUCCESS\" > \"${SCRIPT_OUTPUT_FILE_0}\"\n";
			showEnvVarsInLog = 0;
		};
		524563C3B3205354C2CBA81E /* [CP] Embed Pods Frameworks */ = {
			isa = PBXShellScriptBuildPhase;
			buildActionMask = 2147483647;
			files = (
			);
			inputFileListPaths = (
				"${PODS_ROOT}/Target Support Files/Pods-Plex/Pods-Plex-frameworks-${CONFIGURATION}-input-files.xcfilelist",
			);
			name = "[CP] Embed Pods Frameworks";
			outputFileListPaths = (
				"${PODS_ROOT}/Target Support Files/Pods-Plex/Pods-Plex-frameworks-${CONFIGURATION}-output-files.xcfilelist",
			);
			runOnlyForDeploymentPostprocessing = 0;
			shellPath = /bin/sh;
			shellScript = "\"${PODS_ROOT}/Target Support Files/Pods-Plex/Pods-Plex-frameworks.sh\"\n";
			showEnvVarsInLog = 0;
		};
		6F7B9852BA6D0C4AAAB9A56F /* [CP] Embed Pods Frameworks */ = {
			isa = PBXShellScriptBuildPhase;
			buildActionMask = 2147483647;
			files = (
			);
			inputFileListPaths = (
				"${PODS_ROOT}/Target Support Files/Pods-Plex-PlexUITests/Pods-Plex-PlexUITests-frameworks-${CONFIGURATION}-input-files.xcfilelist",
			);
			name = "[CP] Embed Pods Frameworks";
			outputFileListPaths = (
				"${PODS_ROOT}/Target Support Files/Pods-Plex-PlexUITests/Pods-Plex-PlexUITests-frameworks-${CONFIGURATION}-output-files.xcfilelist",
			);
			runOnlyForDeploymentPostprocessing = 0;
			shellPath = /bin/sh;
			shellScript = "\"${PODS_ROOT}/Target Support Files/Pods-Plex-PlexUITests/Pods-Plex-PlexUITests-frameworks.sh\"\n";
			showEnvVarsInLog = 0;
		};
		71CA59DEF60614EC7A7C4283 /* [CP] Check Pods Manifest.lock */ = {
			isa = PBXShellScriptBuildPhase;
			buildActionMask = 2147483647;
			files = (
			);
			inputFileListPaths = (
			);
			inputPaths = (
				"${PODS_PODFILE_DIR_PATH}/Podfile.lock",
				"${PODS_ROOT}/Manifest.lock",
			);
			name = "[CP] Check Pods Manifest.lock";
			outputFileListPaths = (
			);
			outputPaths = (
				"$(DERIVED_FILE_DIR)/Pods-Plex-checkManifestLockResult.txt",
			);
			runOnlyForDeploymentPostprocessing = 0;
			shellPath = /bin/sh;
			shellScript = "diff \"${PODS_PODFILE_DIR_PATH}/Podfile.lock\" \"${PODS_ROOT}/Manifest.lock\" > /dev/null\nif [ $? != 0 ] ; then\n    # print error to STDERR\n    echo \"error: The sandbox is not in sync with the Podfile.lock. Run 'pod install' or update your CocoaPods installation.\" >&2\n    exit 1\nfi\n# This output is used by Xcode 'outputs' to avoid re-running this script phase.\necho \"SUCCESS\" > \"${SCRIPT_OUTPUT_FILE_0}\"\n";
			showEnvVarsInLog = 0;
		};
		DC543C15ABFC727C6E56F834 /* [CP] Check Pods Manifest.lock */ = {
			isa = PBXShellScriptBuildPhase;
			buildActionMask = 2147483647;
			files = (
			);
			inputFileListPaths = (
			);
			inputPaths = (
				"${PODS_PODFILE_DIR_PATH}/Podfile.lock",
				"${PODS_ROOT}/Manifest.lock",
			);
			name = "[CP] Check Pods Manifest.lock";
			outputFileListPaths = (
			);
			outputPaths = (
				"$(DERIVED_FILE_DIR)/Pods-PlexTests-checkManifestLockResult.txt",
			);
			runOnlyForDeploymentPostprocessing = 0;
			shellPath = /bin/sh;
			shellScript = "diff \"${PODS_PODFILE_DIR_PATH}/Podfile.lock\" \"${PODS_ROOT}/Manifest.lock\" > /dev/null\nif [ $? != 0 ] ; then\n    # print error to STDERR\n    echo \"error: The sandbox is not in sync with the Podfile.lock. Run 'pod install' or update your CocoaPods installation.\" >&2\n    exit 1\nfi\n# This output is used by Xcode 'outputs' to avoid re-running this script phase.\necho \"SUCCESS\" > \"${SCRIPT_OUTPUT_FILE_0}\"\n";
			showEnvVarsInLog = 0;
		};
/* End PBXShellScriptBuildPhase section */

/* Begin PBXSourcesBuildPhase section */
		5701528125D61F1C0089BB36 /* Sources */ = {
			isa = PBXSourcesBuildPhase;
			buildActionMask = 2147483647;
			files = (
				570152C525D623840089BB36 /* LoginViewController.swift in Sources */,
				573935D325D7910400F126EA /* DatabaseManager.swift in Sources */,
				570152CD25D623940089BB36 /* RegisterViewController.swift in Sources */,
				570152DC25D623DD0089BB36 /* NewConversationViewController.swift in Sources */,
				5701528D25D61F1C0089BB36 /* ConversationViewController.swift in Sources */,
				570152D725D623C40089BB36 /* VideoPlayerViewController.swift in Sources */,
				570152ED25D6401B0089BB36 /* Extensions.swift in Sources */,
				5701528925D61F1C0089BB36 /* AppDelegate.swift in Sources */,
				570152E125D623F30089BB36 /* ProfileViewController.swift in Sources */,
				5701528B25D61F1C0089BB36 /* SceneDelegate.swift in Sources */,
				570152D225D623B50089BB36 /* PhotoViewerViewController.swift in Sources */,
			);
			runOnlyForDeploymentPostprocessing = 0;
		};
		5701529725D61F1F0089BB36 /* Sources */ = {
			isa = PBXSourcesBuildPhase;
			buildActionMask = 2147483647;
			files = (
				570152A025D61F1F0089BB36 /* PlexTests.swift in Sources */,
			);
			runOnlyForDeploymentPostprocessing = 0;
		};
		570152A225D61F1F0089BB36 /* Sources */ = {
			isa = PBXSourcesBuildPhase;
			buildActionMask = 2147483647;
			files = (
				570152AB25D61F1F0089BB36 /* PlexUITests.swift in Sources */,
			);
			runOnlyForDeploymentPostprocessing = 0;
		};
/* End PBXSourcesBuildPhase section */

/* Begin PBXTargetDependency section */
		5701529D25D61F1F0089BB36 /* PBXTargetDependency */ = {
			isa = PBXTargetDependency;
			target = 5701528425D61F1C0089BB36 /* Plex */;
			targetProxy = 5701529C25D61F1F0089BB36 /* PBXContainerItemProxy */;
		};
		570152A825D61F1F0089BB36 /* PBXTargetDependency */ = {
			isa = PBXTargetDependency;
			target = 5701528425D61F1C0089BB36 /* Plex */;
			targetProxy = 570152A725D61F1F0089BB36 /* PBXContainerItemProxy */;
		};
/* End PBXTargetDependency section */

/* Begin PBXVariantGroup section */
		5701528E25D61F1C0089BB36 /* Main.storyboard */ = {
			isa = PBXVariantGroup;
			children = (
				5701528F25D61F1C0089BB36 /* Base */,
			);
			name = Main.storyboard;
			sourceTree = "<group>";
		};
		5701529325D61F1F0089BB36 /* LaunchScreen.storyboard */ = {
			isa = PBXVariantGroup;
			children = (
				5701529425D61F1F0089BB36 /* Base */,
			);
			name = LaunchScreen.storyboard;
			sourceTree = "<group>";
		};
/* End PBXVariantGroup section */

/* Begin XCBuildConfiguration section */
		570152AD25D61F1F0089BB36 /* Debug */ = {
			isa = XCBuildConfiguration;
			buildSettings = {
				ALWAYS_SEARCH_USER_PATHS = NO;
				CLANG_ANALYZER_NONNULL = YES;
				CLANG_ANALYZER_NUMBER_OBJECT_CONVERSION = YES_AGGRESSIVE;
				CLANG_CXX_LANGUAGE_STANDARD = "gnu++14";
				CLANG_CXX_LIBRARY = "libc++";
				CLANG_ENABLE_MODULES = YES;
				CLANG_ENABLE_OBJC_ARC = YES;
				CLANG_ENABLE_OBJC_WEAK = YES;
				CLANG_WARN_BLOCK_CAPTURE_AUTORELEASING = YES;
				CLANG_WARN_BOOL_CONVERSION = YES;
				CLANG_WARN_COMMA = YES;
				CLANG_WARN_CONSTANT_CONVERSION = YES;
				CLANG_WARN_DEPRECATED_OBJC_IMPLEMENTATIONS = YES;
				CLANG_WARN_DIRECT_OBJC_ISA_USAGE = YES_ERROR;
				CLANG_WARN_DOCUMENTATION_COMMENTS = YES;
				CLANG_WARN_EMPTY_BODY = YES;
				CLANG_WARN_ENUM_CONVERSION = YES;
				CLANG_WARN_INFINITE_RECURSION = YES;
				CLANG_WARN_INT_CONVERSION = YES;
				CLANG_WARN_NON_LITERAL_NULL_CONVERSION = YES;
				CLANG_WARN_OBJC_IMPLICIT_RETAIN_SELF = YES;
				CLANG_WARN_OBJC_LITERAL_CONVERSION = YES;
				CLANG_WARN_OBJC_ROOT_CLASS = YES_ERROR;
				CLANG_WARN_QUOTED_INCLUDE_IN_FRAMEWORK_HEADER = YES;
				CLANG_WARN_RANGE_LOOP_ANALYSIS = YES;
				CLANG_WARN_STRICT_PROTOTYPES = YES;
				CLANG_WARN_SUSPICIOUS_MOVE = YES;
				CLANG_WARN_UNGUARDED_AVAILABILITY = YES_AGGRESSIVE;
				CLANG_WARN_UNREACHABLE_CODE = YES;
				CLANG_WARN__DUPLICATE_METHOD_MATCH = YES;
				COPY_PHASE_STRIP = NO;
				DEBUG_INFORMATION_FORMAT = dwarf;
				ENABLE_STRICT_OBJC_MSGSEND = YES;
				ENABLE_TESTABILITY = YES;
				GCC_C_LANGUAGE_STANDARD = gnu11;
				GCC_DYNAMIC_NO_PIC = NO;
				GCC_NO_COMMON_BLOCKS = YES;
				GCC_OPTIMIZATION_LEVEL = 0;
				GCC_PREPROCESSOR_DEFINITIONS = (
					"DEBUG=1",
					"$(inherited)",
				);
				GCC_WARN_64_TO_32_BIT_CONVERSION = YES;
				GCC_WARN_ABOUT_RETURN_TYPE = YES_ERROR;
				GCC_WARN_UNDECLARED_SELECTOR = YES;
				GCC_WARN_UNINITIALIZED_AUTOS = YES_AGGRESSIVE;
				GCC_WARN_UNUSED_FUNCTION = YES;
				GCC_WARN_UNUSED_VARIABLE = YES;
				IPHONEOS_DEPLOYMENT_TARGET = 14.2;
				MTL_ENABLE_DEBUG_INFO = INCLUDE_SOURCE;
				MTL_FAST_MATH = YES;
				ONLY_ACTIVE_ARCH = YES;
				SDKROOT = iphoneos;
				SWIFT_ACTIVE_COMPILATION_CONDITIONS = DEBUG;
				SWIFT_OPTIMIZATION_LEVEL = "-Onone";
			};
			name = Debug;
		};
		570152AE25D61F1F0089BB36 /* Release */ = {
			isa = XCBuildConfiguration;
			buildSettings = {
				ALWAYS_SEARCH_USER_PATHS = NO;
				CLANG_ANALYZER_NONNULL = YES;
				CLANG_ANALYZER_NUMBER_OBJECT_CONVERSION = YES_AGGRESSIVE;
				CLANG_CXX_LANGUAGE_STANDARD = "gnu++14";
				CLANG_CXX_LIBRARY = "libc++";
				CLANG_ENABLE_MODULES = YES;
				CLANG_ENABLE_OBJC_ARC = YES;
				CLANG_ENABLE_OBJC_WEAK = YES;
				CLANG_WARN_BLOCK_CAPTURE_AUTORELEASING = YES;
				CLANG_WARN_BOOL_CONVERSION = YES;
				CLANG_WARN_COMMA = YES;
				CLANG_WARN_CONSTANT_CONVERSION = YES;
				CLANG_WARN_DEPRECATED_OBJC_IMPLEMENTATIONS = YES;
				CLANG_WARN_DIRECT_OBJC_ISA_USAGE = YES_ERROR;
				CLANG_WARN_DOCUMENTATION_COMMENTS = YES;
				CLANG_WARN_EMPTY_BODY = YES;
				CLANG_WARN_ENUM_CONVERSION = YES;
				CLANG_WARN_INFINITE_RECURSION = YES;
				CLANG_WARN_INT_CONVERSION = YES;
				CLANG_WARN_NON_LITERAL_NULL_CONVERSION = YES;
				CLANG_WARN_OBJC_IMPLICIT_RETAIN_SELF = YES;
				CLANG_WARN_OBJC_LITERAL_CONVERSION = YES;
				CLANG_WARN_OBJC_ROOT_CLASS = YES_ERROR;
				CLANG_WARN_QUOTED_INCLUDE_IN_FRAMEWORK_HEADER = YES;
				CLANG_WARN_RANGE_LOOP_ANALYSIS = YES;
				CLANG_WARN_STRICT_PROTOTYPES = YES;
				CLANG_WARN_SUSPICIOUS_MOVE = YES;
				CLANG_WARN_UNGUARDED_AVAILABILITY = YES_AGGRESSIVE;
				CLANG_WARN_UNREACHABLE_CODE = YES;
				CLANG_WARN__DUPLICATE_METHOD_MATCH = YES;
				COPY_PHASE_STRIP = NO;
				DEBUG_INFORMATION_FORMAT = "dwarf-with-dsym";
				ENABLE_NS_ASSERTIONS = NO;
				ENABLE_STRICT_OBJC_MSGSEND = YES;
				GCC_C_LANGUAGE_STANDARD = gnu11;
				GCC_NO_COMMON_BLOCKS = YES;
				GCC_WARN_64_TO_32_BIT_CONVERSION = YES;
				GCC_WARN_ABOUT_RETURN_TYPE = YES_ERROR;
				GCC_WARN_UNDECLARED_SELECTOR = YES;
				GCC_WARN_UNINITIALIZED_AUTOS = YES_AGGRESSIVE;
				GCC_WARN_UNUSED_FUNCTION = YES;
				GCC_WARN_UNUSED_VARIABLE = YES;
				IPHONEOS_DEPLOYMENT_TARGET = 14.2;
				MTL_ENABLE_DEBUG_INFO = NO;
				MTL_FAST_MATH = YES;
				SDKROOT = iphoneos;
				SWIFT_COMPILATION_MODE = wholemodule;
				SWIFT_OPTIMIZATION_LEVEL = "-O";
				VALIDATE_PRODUCT = YES;
			};
			name = Release;
		};
		570152B025D61F1F0089BB36 /* Debug */ = {
			isa = XCBuildConfiguration;
			baseConfigurationReference = 9B9EDAE9F2529AC1570049D3 /* Pods-Plex.debug.xcconfig */;
			buildSettings = {
				ASSETCATALOG_COMPILER_APPICON_NAME = AppIcon;
				ASSETCATALOG_COMPILER_GLOBAL_ACCENT_COLOR_NAME = AccentColor;
				CODE_SIGN_STYLE = Automatic;
				DEVELOPMENT_TEAM = WRZHK8S4W4;
				INFOPLIST_FILE = Plex/Info.plist;
				LD_RUNPATH_SEARCH_PATHS = (
					"$(inherited)",
					"@executable_path/Frameworks",
				);
				PRODUCT_BUNDLE_IDENTIFIER = BandCamp.Plex;
				PRODUCT_NAME = "$(TARGET_NAME)";
				SWIFT_VERSION = 5.0;
				TARGETED_DEVICE_FAMILY = "1,2";
			};
			name = Debug;
		};
		570152B125D61F1F0089BB36 /* Release */ = {
			isa = XCBuildConfiguration;
			baseConfigurationReference = C68B628649430F1242BB067E /* Pods-Plex.release.xcconfig */;
			buildSettings = {
				ASSETCATALOG_COMPILER_APPICON_NAME = AppIcon;
				ASSETCATALOG_COMPILER_GLOBAL_ACCENT_COLOR_NAME = AccentColor;
				CODE_SIGN_STYLE = Automatic;
				DEVELOPMENT_TEAM = WRZHK8S4W4;
				INFOPLIST_FILE = Plex/Info.plist;
				LD_RUNPATH_SEARCH_PATHS = (
					"$(inherited)",
					"@executable_path/Frameworks",
				);
				PRODUCT_BUNDLE_IDENTIFIER = BandCamp.Plex;
				PRODUCT_NAME = "$(TARGET_NAME)";
				SWIFT_VERSION = 5.0;
				TARGETED_DEVICE_FAMILY = "1,2";
			};
			name = Release;
		};
		570152B325D61F1F0089BB36 /* Debug */ = {
			isa = XCBuildConfiguration;
			baseConfigurationReference = E25B528F709D6E75A52A63EC /* Pods-PlexTests.debug.xcconfig */;
			buildSettings = {
				ALWAYS_EMBED_SWIFT_STANDARD_LIBRARIES = YES;
				BUNDLE_LOADER = "$(TEST_HOST)";
				CODE_SIGN_STYLE = Automatic;
				DEVELOPMENT_TEAM = WRZHK8S4W4;
				INFOPLIST_FILE = PlexTests/Info.plist;
				IPHONEOS_DEPLOYMENT_TARGET = 14.2;
				LD_RUNPATH_SEARCH_PATHS = (
					"$(inherited)",
					"@executable_path/Frameworks",
					"@loader_path/Frameworks",
				);
				PRODUCT_BUNDLE_IDENTIFIER = BandCamp.PlexTests;
				PRODUCT_NAME = "$(TARGET_NAME)";
				SWIFT_VERSION = 5.0;
				TARGETED_DEVICE_FAMILY = "1,2";
				TEST_HOST = "$(BUILT_PRODUCTS_DIR)/Plex.app/Plex";
			};
			name = Debug;
		};
		570152B425D61F1F0089BB36 /* Release */ = {
			isa = XCBuildConfiguration;
			baseConfigurationReference = 1F6FE36093CAD47CF3B8BE5B /* Pods-PlexTests.release.xcconfig */;
			buildSettings = {
				ALWAYS_EMBED_SWIFT_STANDARD_LIBRARIES = YES;
				BUNDLE_LOADER = "$(TEST_HOST)";
				CODE_SIGN_STYLE = Automatic;
				DEVELOPMENT_TEAM = WRZHK8S4W4;
				INFOPLIST_FILE = PlexTests/Info.plist;
				IPHONEOS_DEPLOYMENT_TARGET = 14.2;
				LD_RUNPATH_SEARCH_PATHS = (
					"$(inherited)",
					"@executable_path/Frameworks",
					"@loader_path/Frameworks",
				);
				PRODUCT_BUNDLE_IDENTIFIER = BandCamp.PlexTests;
				PRODUCT_NAME = "$(TARGET_NAME)";
				SWIFT_VERSION = 5.0;
				TARGETED_DEVICE_FAMILY = "1,2";
				TEST_HOST = "$(BUILT_PRODUCTS_DIR)/Plex.app/Plex";
			};
			name = Release;
		};
		570152B625D61F1F0089BB36 /* Debug */ = {
			isa = XCBuildConfiguration;
			baseConfigurationReference = 074B3309068EAC0E0E980B56 /* Pods-Plex-PlexUITests.debug.xcconfig */;
			buildSettings = {
				ALWAYS_EMBED_SWIFT_STANDARD_LIBRARIES = YES;
				CODE_SIGN_STYLE = Automatic;
				DEVELOPMENT_TEAM = WRZHK8S4W4;
				INFOPLIST_FILE = PlexUITests/Info.plist;
				LD_RUNPATH_SEARCH_PATHS = (
					"$(inherited)",
					"@executable_path/Frameworks",
					"@loader_path/Frameworks",
				);
				PRODUCT_BUNDLE_IDENTIFIER = BandCamp.PlexUITests;
				PRODUCT_NAME = "$(TARGET_NAME)";
				SWIFT_VERSION = 5.0;
				TARGETED_DEVICE_FAMILY = "1,2";
				TEST_TARGET_NAME = Plex;
			};
			name = Debug;
		};
		570152B725D61F1F0089BB36 /* Release */ = {
			isa = XCBuildConfiguration;
			baseConfigurationReference = 5A9635A01853A6DF3F08082B /* Pods-Plex-PlexUITests.release.xcconfig */;
			buildSettings = {
				ALWAYS_EMBED_SWIFT_STANDARD_LIBRARIES = YES;
				CODE_SIGN_STYLE = Automatic;
				DEVELOPMENT_TEAM = WRZHK8S4W4;
				INFOPLIST_FILE = PlexUITests/Info.plist;
				LD_RUNPATH_SEARCH_PATHS = (
					"$(inherited)",
					"@executable_path/Frameworks",
					"@loader_path/Frameworks",
				);
				PRODUCT_BUNDLE_IDENTIFIER = BandCamp.PlexUITests;
				PRODUCT_NAME = "$(TARGET_NAME)";
				SWIFT_VERSION = 5.0;
				TARGETED_DEVICE_FAMILY = "1,2";
				TEST_TARGET_NAME = Plex;
			};
			name = Release;
		};
/* End XCBuildConfiguration section */

/* Begin XCConfigurationList section */
		5701528025D61F1C0089BB36 /* Build configuration list for PBXProject "Plex" */ = {
			isa = XCConfigurationList;
			buildConfigurations = (
				570152AD25D61F1F0089BB36 /* Debug */,
				570152AE25D61F1F0089BB36 /* Release */,
			);
			defaultConfigurationIsVisible = 0;
			defaultConfigurationName = Release;
		};
		570152AF25D61F1F0089BB36 /* Build configuration list for PBXNativeTarget "Plex" */ = {
			isa = XCConfigurationList;
			buildConfigurations = (
				570152B025D61F1F0089BB36 /* Debug */,
				570152B125D61F1F0089BB36 /* Release */,
			);
			defaultConfigurationIsVisible = 0;
			defaultConfigurationName = Release;
		};
		570152B225D61F1F0089BB36 /* Build configuration list for PBXNativeTarget "PlexTests" */ = {
			isa = XCConfigurationList;
			buildConfigurations = (
				570152B325D61F1F0089BB36 /* Debug */,
				570152B425D61F1F0089BB36 /* Release */,
			);
			defaultConfigurationIsVisible = 0;
			defaultConfigurationName = Release;
		};
		570152B525D61F1F0089BB36 /* Build configuration list for PBXNativeTarget "PlexUITests" */ = {
			isa = XCConfigurationList;
			buildConfigurations = (
				570152B625D61F1F0089BB36 /* Debug */,
				570152B725D61F1F0089BB36 /* Release */,
			);
			defaultConfigurationIsVisible = 0;
			defaultConfigurationName = Release;
		};
/* End XCConfigurationList section */
	};
	rootObject = 5701527D25D61F1C0089BB36 /* Project object */;
}
